
Microsoft Visual Studio Solution File, Format Version 12.00
# Visual Studio Version 17
VisualStudioVersion = 17.13.35806.99
MinimumVisualStudioVersion = 10.0.40219.1
Project("{FAE04EC0-301F-11D3-BF4B-00C04F79EFBC}") = "WTForecast", "WTForecast.csproj", "{BF91D5FA-8AAE-4BCE-983C-6B8DF954F93B}"
EndProject
Global
	GlobalSection(SolutionConfigurationPlatforms) = preSolution
		Debug|Any CPU = Debug|Any CPU
		Release|Any CPU = Release|Any CPU
	EndGlobalSection
	GlobalSection(ProjectConfigurationPlatforms) = postSolution
		{BF91D5FA-8AAE-4BCE-983C-6B8DF954F93B}.Debug|Any CPU.ActiveCfg = Debug|Any CPU
		{BF91D5FA-8AAE-4BCE-983C-6B8DF954F93B}.Debug|Any CPU.Build.0 = Debug|Any CPU
		{BF91D5FA-8AAE-4BCE-983C-6B8DF954F93B}.Debug|Any CPU.Deploy.0 = Debug|Any CPU
		{BF91D5FA-8AAE-4BCE-983C-6B8DF954F93B}.Release|Any CPU.ActiveCfg = Release|Any CPU
		{BF91D5FA-8AAE-4BCE-983C-6B8DF954F93B}.Release|Any CPU.Build.0 = Release|Any CPU
		{BF91D5FA-8AAE-4BCE-983C-6B8DF954F93B}.Release|Any CPU.Deploy.0 = Release|Any CPU
	EndGlobalSection
	GlobalSection(SolutionProperties) = preSolution
		HideSolutionNode = FALSE
	EndGlobalSection
	GlobalSection(ExtensibilityGlobals) = postSolution
		SolutionGuid = {19992CD3-56C4-4DB4-B0F7-7F6D9C0F680D}
	EndGlobalSection
EndGlobal
